{
  "name": "activity-tracker",
  "version": "1.0.0",
  "lockfileVersion": 3,
  "requires": true,
  "packages": {
    "": {
      "name": "activity-tracker",
      "version": "1.0.0",
      "license": "MIT",
      "dependencies": {
        "@masaajid/qibla": "^1.0.0"
      }
    },
    "node_modules/@masaajid/qibla": {
      "version": "1.0.0",
      "resolved": "https://registry.npmjs.org/@masaajid/qibla/-/qibla-1.0.0.tgz",
      "integrity": "sha512-KlNrBKOvA7Ajm8eZhjM6cHhL0HOOx20EKMJrzt6xRmR4UIAIUfbNKEkA8OMKFJneGLOHOgLz4w7ggMD1cwLtNQ==",
      "license": "MIT",
      "engines": {
        "bun": ">=1.0.0",
        "node": ">=16.0.0"
      }
    }
  }
}
